{
  "name": "easyun-client",
  "version": "0.0.1",
  "lockfileVersion": 1,
  "requires": true,
  "dependencies": {
    "yarn": {
      "version": "1.22.17",
      "resolved": "https://registry.npmmirror.com/yarn/download/yarn-1.22.17.tgz",
      "integrity": "sha1-v5EHR9Ikl7VzEx9zQcDh0Vx0A2w="
    }
  }
}
